github.com/logrusorgru/aurora/v3 v3.0.0 h1:R6zcoZZbvVcGMvDCKo45A9U/lzYyzl5NfYIvznmDfE4=
github.com/logrusorgru/aurora/v3 v3.0.0/go.mod h1:vsR12bk5grlLvLXAYrBsb5Oc/N+LxAlxggSjiwMnCUc=
github.com/wii-tools/GoNUSD v0.2.2 h1:vHiSLI9sK9Q4zbCt24jMiq/lo2FISLBuCHoaY3Bd88c=
github.com/wii-tools/GoNUSD v0.2.2/go.mod h1:Wf0ZMf4jdyQYSaSmNyFsqfQbngFA/cM9mpJBZ63Qlzs=
github.com/wii-tools/arclib v1.0.0 h1:OAmbL3NDUmlR0wa1VpJhxnKiIRFZz1CC40lTVPUm8Ms=
github.com/wii-tools/arclib v1.0.0/go.mod h1:uXFan/NSXoQ2pOVPN4ugZ4nJX7esBnjB1QUgVrEzK/4=
github.com/wii-tools/wadlib v0.3.1 h1:g0Szzof/YsBLghP+JpoVzT/6M6jpl+AH9PHiUuG3cd8=
github.com/wii-tools/wadlib v0.3.1/go.mod h1:GK+f2POk+rVu1p4xqLSb4ll1SKKbfOO6ZAB+oPLV3uQ=
